
Microsoft Visual Studio Solution File, Format Version 12.00
# Visual Studio 15
VisualStudioVersion = 15.0.27130.0
MinimumVisualStudioVersion = 10.0.40219.1
Project("{FAE04EC0-301F-11D3-BF4B-00C04F79EFBC}") = "XamarinApp.Android", "XamarinApp\XamarinApp.Android\XamarinApp.Android.csproj", "{B254FF3B-870D-45E4-A9BE-9265FFCF4977}"
EndProject
Project("{FAE04EC0-301F-11D3-BF4B-00C04F79EFBC}") = "XamarinApp", "XamarinApp\XamarinApp\XamarinApp.csproj", "{9E175F26-5A68-4477-8386-814E73A85350}"
EndProject
Global
	GlobalSection(SolutionConfigurationPlatforms) = preSolution
		Debug|Any CPU = Debug|Any CPU
		Release|Any CPU = Release|Any CPU
	EndGlobalSection
	GlobalSection(ProjectConfigurationPlatforms) = postSolution
		{B254FF3B-870D-45E4-A9BE-9265FFCF4977}.Debug|Any CPU.ActiveCfg = Debug|Any CPU
		{B254FF3B-870D-45E4-A9BE-9265FFCF4977}.Debug|Any CPU.Build.0 = Debug|Any CPU
		{B254FF3B-870D-45E4-A9BE-9265FFCF4977}.Debug|Any CPU.Deploy.0 = Debug|Any CPU
		{B254FF3B-870D-45E4-A9BE-9265FFCF4977}.Release|Any CPU.ActiveCfg = Release|Any CPU
		{B254FF3B-870D-45E4-A9BE-9265FFCF4977}.Release|Any CPU.Build.0 = Release|Any CPU
		{B254FF3B-870D-45E4-A9BE-9265FFCF4977}.Release|Any CPU.Deploy.0 = Release|Any CPU
		{9E175F26-5A68-4477-8386-814E73A85350}.Debug|Any CPU.ActiveCfg = Debug|Any CPU
		{9E175F26-5A68-4477-8386-814E73A85350}.Debug|Any CPU.Build.0 = Debug|Any CPU
		{9E175F26-5A68-4477-8386-814E73A85350}.Release|Any CPU.ActiveCfg = Release|Any CPU
		{9E175F26-5A68-4477-8386-814E73A85350}.Release|Any CPU.Build.0 = Release|Any CPU
	EndGlobalSection
	GlobalSection(SolutionProperties) = preSolution
		HideSolutionNode = FALSE
	EndGlobalSection
	GlobalSection(ExtensibilityGlobals) = postSolution
		SolutionGuid = {A0402B04-0D4F-4F74-9207-715836C3AB13}
	EndGlobalSection
EndGlobal
